
Microsoft Visual Studio Solution File, Format Version 12.00
# Visual Studio Version 17
VisualStudioVersion = 17.5.33516.290
MinimumVisualStudioVersion = 10.0.40219.1
Project("{FAE04EC0-301F-11D3-BF4B-00C04F79EFBC}") = "Logistics.FormsUI", "Logistics.WebFormsUI\Logistics.FormsUI.csproj", "{E7AC7B25-3DE0-4A34-B9C3-B39865B02FC0}"
EndProject
Project("{FAE04EC0-301F-11D3-BF4B-00C04F79EFBC}") = "Logistics.Entities", "Logistics.Entities\Logistics.Entities.csproj", "{4A408212-EBD8-4D75-8811-FEAF2AB46151}"
EndProject
Project("{FAE04EC0-301F-11D3-BF4B-00C04F79EFBC}") = "Logistics.DataAccess", "Logistics.DataAccess\Logistics.DataAccess.csproj", "{714FD044-0209-4170-8264-89AE18CC6B24}"
EndProject
Project("{FAE04EC0-301F-11D3-BF4B-00C04F79EFBC}") = "Logistics.Business", "Logistics.Business\Logistics.Business.csproj", "{84A5CE0A-B25D-4383-B82B-42F30D051732}"
EndProject
Project("{54435603-DBB4-11D2-8724-00A0C9A8B90C}") = "SetupLogistics", "SetupLogistics\SetupLogistics.vdproj", "{89739CD1-6301-4300-AB14-42EE7654F8E6}"
EndProject
Global
	GlobalSection(SolutionConfigurationPlatforms) = preSolution
		Debug|Any CPU = Debug|Any CPU
		Release|Any CPU = Release|Any CPU
	EndGlobalSection
	GlobalSection(ProjectConfigurationPlatforms) = postSolution
		{E7AC7B25-3DE0-4A34-B9C3-B39865B02FC0}.Debug|Any CPU.ActiveCfg = Debug|Any CPU
		{E7AC7B25-3DE0-4A34-B9C3-B39865B02FC0}.Debug|Any CPU.Build.0 = Debug|Any CPU
		{E7AC7B25-3DE0-4A34-B9C3-B39865B02FC0}.Release|Any CPU.ActiveCfg = Release|Any CPU
		{E7AC7B25-3DE0-4A34-B9C3-B39865B02FC0}.Release|Any CPU.Build.0 = Release|Any CPU
		{4A408212-EBD8-4D75-8811-FEAF2AB46151}.Debug|Any CPU.ActiveCfg = Debug|Any CPU
		{4A408212-EBD8-4D75-8811-FEAF2AB46151}.Debug|Any CPU.Build.0 = Debug|Any CPU
		{4A408212-EBD8-4D75-8811-FEAF2AB46151}.Release|Any CPU.ActiveCfg = Release|Any CPU
		{4A408212-EBD8-4D75-8811-FEAF2AB46151}.Release|Any CPU.Build.0 = Release|Any CPU
		{714FD044-0209-4170-8264-89AE18CC6B24}.Debug|Any CPU.ActiveCfg = Debug|Any CPU
		{714FD044-0209-4170-8264-89AE18CC6B24}.Debug|Any CPU.Build.0 = Debug|Any CPU
		{714FD044-0209-4170-8264-89AE18CC6B24}.Release|Any CPU.ActiveCfg = Release|Any CPU
		{714FD044-0209-4170-8264-89AE18CC6B24}.Release|Any CPU.Build.0 = Release|Any CPU
		{84A5CE0A-B25D-4383-B82B-42F30D051732}.Debug|Any CPU.ActiveCfg = Debug|Any CPU
		{84A5CE0A-B25D-4383-B82B-42F30D051732}.Debug|Any CPU.Build.0 = Debug|Any CPU
		{84A5CE0A-B25D-4383-B82B-42F30D051732}.Release|Any CPU.ActiveCfg = Release|Any CPU
		{84A5CE0A-B25D-4383-B82B-42F30D051732}.Release|Any CPU.Build.0 = Release|Any CPU
		{89739CD1-6301-4300-AB14-42EE7654F8E6}.Debug|Any CPU.ActiveCfg = Debug
		{89739CD1-6301-4300-AB14-42EE7654F8E6}.Release|Any CPU.ActiveCfg = Release
	EndGlobalSection
	GlobalSection(SolutionProperties) = preSolution
		HideSolutionNode = FALSE
	EndGlobalSection
	GlobalSection(ExtensibilityGlobals) = postSolution
		SolutionGuid = {A5B62040-E1C0-415A-AFCB-0F2217132528}
	EndGlobalSection
EndGlobal
